
Microsoft Visual Studio Solution File, Format Version 12.00
# Visual Studio Version 16
VisualStudioVersion = 16.0.28407.52
MinimumVisualStudioVersion = 10.0.40219.1
Project("{2150E333-8FDC-42A3-9474-1A3956D46DE8}") = "src", "src", "{3AC0A975-FB63-42C0-A111-297DA2BF7790}"
EndProject
Project("{2150E333-8FDC-42A3-9474-1A3956D46DE8}") = "Services", "Services", "{87986945-BEDC-4107-9C68-FA493EEE531C}"
EndProject
Project("{2150E333-8FDC-42A3-9474-1A3956D46DE8}") = "Web", "Web", "{4F4D43D7-9A3D-4CC9-B27C-96D6340A8116}"
EndProject
Project("{9A19103F-16F7-4668-BE54-9A1E7A4F7556}") = "Products", "src\Services\Products\Products.csproj", "{9D46B9AD-6C1A-487D-876D-CFBCEABC2857}"
EndProject
Project("{2150E333-8FDC-42A3-9474-1A3956D46DE8}") = "Solution Items", "Solution Items", "{A5F29E07-FF79-409B-8689-42320B361153}"
	ProjectSection(SolutionItems) = preProject
		docker-compose-redis.yml = docker-compose-redis.yml
		docker-compose.yml = docker-compose.yml
	EndProjectSection
EndProject
Project("{9A19103F-16F7-4668-BE54-9A1E7A4F7556}") = "Store", "src\Web\Store\Store.csproj", "{54A70F3D-01D6-4AB4-9D30-37DD1584B76E}"
EndProject
Project("{9A19103F-16F7-4668-BE54-9A1E7A4F7556}") = "TokenService", "Src\Services\TokenService\TokenService.csproj", "{62771EBA-F891-44CF-A696-7C30CDA735F3}"
EndProject
Project("{FAE04EC0-301F-11D3-BF4B-00C04F79EFBC}") = "Cart", "src\Services\Cart\Cart.csproj", "{3EA02D15-D75C-4B79-8F92-94528AC2F80B}"
EndProject
Global
	GlobalSection(SolutionConfigurationPlatforms) = preSolution
		Debug|Any CPU = Debug|Any CPU
		Release|Any CPU = Release|Any CPU
	EndGlobalSection
	GlobalSection(ProjectConfigurationPlatforms) = postSolution
		{9D46B9AD-6C1A-487D-876D-CFBCEABC2857}.Debug|Any CPU.ActiveCfg = Debug|Any CPU
		{9D46B9AD-6C1A-487D-876D-CFBCEABC2857}.Debug|Any CPU.Build.0 = Debug|Any CPU
		{9D46B9AD-6C1A-487D-876D-CFBCEABC2857}.Release|Any CPU.ActiveCfg = Release|Any CPU
		{9D46B9AD-6C1A-487D-876D-CFBCEABC2857}.Release|Any CPU.Build.0 = Release|Any CPU
		{54A70F3D-01D6-4AB4-9D30-37DD1584B76E}.Debug|Any CPU.ActiveCfg = Debug|Any CPU
		{54A70F3D-01D6-4AB4-9D30-37DD1584B76E}.Debug|Any CPU.Build.0 = Debug|Any CPU
		{54A70F3D-01D6-4AB4-9D30-37DD1584B76E}.Release|Any CPU.ActiveCfg = Release|Any CPU
		{54A70F3D-01D6-4AB4-9D30-37DD1584B76E}.Release|Any CPU.Build.0 = Release|Any CPU
		{62771EBA-F891-44CF-A696-7C30CDA735F3}.Debug|Any CPU.ActiveCfg = Debug|Any CPU
		{62771EBA-F891-44CF-A696-7C30CDA735F3}.Debug|Any CPU.Build.0 = Debug|Any CPU
		{62771EBA-F891-44CF-A696-7C30CDA735F3}.Release|Any CPU.ActiveCfg = Release|Any CPU
		{62771EBA-F891-44CF-A696-7C30CDA735F3}.Release|Any CPU.Build.0 = Release|Any CPU
		{3EA02D15-D75C-4B79-8F92-94528AC2F80B}.Debug|Any CPU.ActiveCfg = Debug|Any CPU
		{3EA02D15-D75C-4B79-8F92-94528AC2F80B}.Debug|Any CPU.Build.0 = Debug|Any CPU
		{3EA02D15-D75C-4B79-8F92-94528AC2F80B}.Release|Any CPU.ActiveCfg = Release|Any CPU
		{3EA02D15-D75C-4B79-8F92-94528AC2F80B}.Release|Any CPU.Build.0 = Release|Any CPU
	EndGlobalSection
	GlobalSection(SolutionProperties) = preSolution
		HideSolutionNode = FALSE
	EndGlobalSection
	GlobalSection(NestedProjects) = preSolution
		{87986945-BEDC-4107-9C68-FA493EEE531C} = {3AC0A975-FB63-42C0-A111-297DA2BF7790}
		{4F4D43D7-9A3D-4CC9-B27C-96D6340A8116} = {3AC0A975-FB63-42C0-A111-297DA2BF7790}
		{9D46B9AD-6C1A-487D-876D-CFBCEABC2857} = {87986945-BEDC-4107-9C68-FA493EEE531C}
		{54A70F3D-01D6-4AB4-9D30-37DD1584B76E} = {4F4D43D7-9A3D-4CC9-B27C-96D6340A8116}
		{62771EBA-F891-44CF-A696-7C30CDA735F3} = {87986945-BEDC-4107-9C68-FA493EEE531C}
		{3EA02D15-D75C-4B79-8F92-94528AC2F80B} = {87986945-BEDC-4107-9C68-FA493EEE531C}
	EndGlobalSection
	GlobalSection(ExtensibilityGlobals) = postSolution
		SolutionGuid = {BAE50F16-2741-4ACA-9ECD-100C180DC2E0}
	EndGlobalSection
EndGlobal
